{
  "name": "personal-website",
  "version": "1.0.1",
  "lockfileVersion": 1,
  "requires": true,
  "dependencies": {
    "@next/env": {
      "version": "12.1.0",
      "resolved": "https://registry.npmjs.org/@next/env/-/env-12.1.0.tgz",
      "integrity": "sha512-nrIgY6t17FQ9xxwH3jj0a6EOiQ/WDHUos35Hghtr+SWN/ntHIQ7UpuvSi0vaLzZVHQWaDupKI+liO5vANcDeTQ=="
    },
    "@next/swc-android-arm64": {
      "version": "12.1.0",
      "resolved": "https://registry.npmjs.org/@next/swc-android-arm64/-/swc-android-arm64-12.1.0.tgz",
      "integrity": "sha512-/280MLdZe0W03stA69iL+v6I+J1ascrQ6FrXBlXGCsGzrfMaGr7fskMa0T5AhQIVQD4nA/46QQWxG//DYuFBcA==",
      "optional": true
    },
    "@next/swc-darwin-arm64": {
      "version": "12.1.0",
      "resolved": "https://registry.npmjs.org/@next/swc-darwin-arm64/-/swc-darwin-arm64-12.1.0.tgz",
      "integrity": "sha512-R8vcXE2/iONJ1Unf5Ptqjk6LRW3bggH+8drNkkzH4FLEQkHtELhvcmJwkXcuipyQCsIakldAXhRbZmm3YN1vXg==",
      "optional": true
    },
    "@next/swc-darwin-x64": {
      "version": "12.1.0",
      "resolved": "https://registry.npmjs.org/@next/swc-darwin-x64/-/swc-darwin-x64-12.1.0.tgz",
      "integrity": "sha512-ieAz0/J0PhmbZBB8+EA/JGdhRHBogF8BWaeqR7hwveb6SYEIJaDNQy0I+ZN8gF8hLj63bEDxJAs/cEhdnTq+ug==",
      "optional": true
    },
    "@next/swc-linux-arm-gnueabihf": {
      "version": "12.1.0",
      "resolved": "https://registry.npmjs.org/@next/swc-linux-arm-gnueabihf/-/swc-linux-arm-gnueabihf-12.1.0.tgz",
      "integrity": "sha512-njUd9hpl6o6A5d08dC0cKAgXKCzm5fFtgGe6i0eko8IAdtAPbtHxtpre3VeSxdZvuGFh+hb0REySQP9T1ttkog==",
      "optional": true
    },
    "@next/swc-linux-arm64-gnu": {
      "version": "12.1.0",
      "resolved": "https://registry.npmjs.org/@next/swc-linux-arm64-gnu/-/swc-linux-arm64-gnu-12.1.0.tgz",
      "integrity": "sha512-OqangJLkRxVxMhDtcb7Qn1xjzFA3s50EIxY7mljbSCLybU+sByPaWAHY4px97ieOlr2y4S0xdPKkQ3BCAwyo6Q==",
      "optional": true
    },
    "@next/swc-linux-arm64-musl": {
      "version": "12.1.0",
      "resolved": "https://registry.npmjs.org/@next/swc-linux-arm64-musl/-/swc-linux-arm64-musl-12.1.0.tgz",
      "integrity": "sha512-hB8cLSt4GdmOpcwRe2UzI5UWn6HHO/vLkr5OTuNvCJ5xGDwpPXelVkYW/0+C3g5axbDW2Tym4S+MQCkkH9QfWA==",
      "optional": true
    },
    "@next/swc-linux-x64-gnu": {
      "version": "12.1.0",
      "resolved": "https://registry.npmjs.org/@next/swc-linux-x64-gnu/-/swc-linux-x64-gnu-12.1.0.tgz",
      "integrity": "sha512-OKO4R/digvrVuweSw/uBM4nSdyzsBV5EwkUeeG4KVpkIZEe64ZwRpnFB65bC6hGwxIBnTv5NMSnJ+0K/WmG78A==",
      "optional": true
    },
    "@next/swc-linux-x64-musl": {
      "version": "12.1.0",
      "resolved": "https://registry.npmjs.org/@next/swc-linux-x64-musl/-/swc-linux-x64-musl-12.1.0.tgz",
      "integrity": "sha512-JohhgAHZvOD3rQY7tlp7NlmvtvYHBYgY0x5ZCecUT6eCCcl9lv6iV3nfu82ErkxNk1H893fqH0FUpznZ/H3pSw==",
      "optional": true
    },
    "@next/swc-win32-arm64-msvc": {
      "version": "12.1.0",
      "resolved": "https://registry.npmjs.org/@next/swc-win32-arm64-msvc/-/swc-win32-arm64-msvc-12.1.0.tgz",
      "integrity": "sha512-T/3gIE6QEfKIJ4dmJk75v9hhNiYZhQYAoYm4iVo1TgcsuaKLFa+zMPh4056AHiG6n9tn2UQ1CFE8EoybEsqsSw==",
      "optional": true
    },
    "@next/swc-win32-ia32-msvc": {
      "version": "12.1.0",
      "resolved": "https://registry.npmjs.org/@next/swc-win32-ia32-msvc/-/swc-win32-ia32-msvc-12.1.0.tgz",
      "integrity": "sha512-iwnKgHJdqhIW19H9PRPM9j55V6RdcOo6rX+5imx832BCWzkDbyomWnlzBfr6ByUYfhohb8QuH4hSGEikpPqI0Q==",
      "optional": true
    },
    "@next/swc-win32-x64-msvc": {
      "version": "12.1.0",
      "resolved": "https://registry.npmjs.org/@next/swc-win32-x64-msvc/-/swc-win32-x64-msvc-12.1.0.tgz",
      "integrity": "sha512-aBvcbMwuanDH4EMrL2TthNJy+4nP59Bimn8egqv6GHMVj0a44cU6Au4PjOhLNqEh9l+IpRGBqMTzec94UdC5xg==",
      "optional": true
    },
    "assign-symbols": {
      "version": "1.0.0",
      "resolved": "https://registry.npmjs.org/assign-symbols/-/assign-symbols-1.0.0.tgz",
      "integrity": "sha1-WWZ/QfrdTyDMvCu5a41Pf3jsA2c="
    },
    "asynckit": {
      "version": "0.4.0",
      "resolved": "https://registry.npmjs.org/asynckit/-/asynckit-0.4.0.tgz",
      "integrity": "sha1-x57Zf380y48robyXkLzDZkdLS3k="
    },
    "caniuse-lite": {
      "version": "1.0.30001312",
      "resolved": "https://registry.npmjs.org/caniuse-lite/-/caniuse-lite-1.0.30001312.tgz",
      "integrity": "sha512-Wiz1Psk2MEK0pX3rUzWaunLTZzqS2JYZFzNKqAiJGiuxIjRPLgV6+VDPOg6lQOUxmDwhTlh198JsTTi8Hzw6aQ=="
    },
    "classnames": {
      "version": "2.2.6",
      "resolved": "https://registry.npmjs.org/classnames/-/classnames-2.2.6.tgz",
      "integrity": "sha512-JR/iSQOSt+LQIWwrwEzJ9uk0xfN3mTVYMwt1Ir5mUcSN6pU+V4zQFFaJsclJbPuAUQH+yfWef6tm7l1quW3C8Q=="
    },
    "combined-stream": {
      "version": "1.0.8",
      "resolved": "https://registry.npmjs.org/combined-stream/-/combined-stream-1.0.8.tgz",
      "integrity": "sha512-FQN4MRfuJeHf7cBbBMJFXhKSDq+2kAArBlmRBvcvFE5BB1HZKXtSFASDhdlz9zOYwxh8lDdnvmMOe/+5cdoEdg==",
      "requires": {
        "delayed-stream": "~1.0.0"
      }
    },
    "component-emitter": {
      "version": "1.2.1",
      "resolved": "https://registry.npmjs.org/component-emitter/-/component-emitter-1.2.1.tgz",
      "integrity": "sha1-E3kY1teCg/ffemt8WmPhQOaUJeY="
    },
    "cookiejar": {
      "version": "2.1.2",
      "resolved": "https://registry.npmjs.org/cookiejar/-/cookiejar-2.1.2.tgz",
      "integrity": "sha512-Mw+adcfzPxcPeI+0WlvRrr/3lGVO0bD75SxX6811cxSh1Wbxx7xZBGK1eVtDf6si8rg2lhnUjsVLMFMfbRIuwA=="
    },
    "cookies-js": {
      "version": "1.2.3",
      "resolved": "https://registry.npmjs.org/cookies-js/-/cookies-js-1.2.3.tgz",
      "integrity": "sha1-AzFQSefFK+4/cxhqaRZ+qw3bLTE="
    },
    "debug": {
      "version": "4.1.1",
      "resolved": "https://registry.npmjs.org/debug/-/debug-4.1.1.tgz",
      "integrity": "sha512-pYAIzeRo8J6KPEaJ0VWOh5Pzkbw/RetuzehGM7QRRX5he4fPHx2rdKMB256ehJCkX+XRQm16eZLqLNS8RSZXZw==",
      "requires": {
        "ms": "^2.1.1"
      },
      "dependencies": {
        "ms": {
          "version": "2.1.2",
          "resolved": "https://registry.npmjs.org/ms/-/ms-2.1.2.tgz",
          "integrity": "sha512-sGkPx+VjMtmA6MX27oA4FBFELFCZZ4S4XqeGOXCv68tT+jb3vk/RyaKWP0PTKyWtmLSM0b+adUTEvbs1PEaH2w=="
        }
      }
    },
    "delayed-stream": {
      "version": "1.0.0",
      "resolved": "https://registry.npmjs.org/delayed-stream/-/delayed-stream-1.0.0.tgz",
      "integrity": "sha1-3zrhmayt+31ECqrgsp4icrJOxhk="
    },
    "es6-promise": {
      "version": "4.2.8",
      "resolved": "https://registry.npmjs.org/es6-promise/-/es6-promise-4.2.8.tgz",
      "integrity": "sha512-HJDGx5daxeIvxdBxvG2cb9g4tEvwIk3i8+nhX0yGrYmZUzbkdg8QbDevheDB8gd0//uPj4c1EQua8Q+MViT0/w=="
    },
    "extend-shallow": {
      "version": "3.0.2",
      "resolved": "https://registry.npmjs.org/extend-shallow/-/extend-shallow-3.0.2.tgz",
      "integrity": "sha1-Jqcarwc7OfshJxcnRhMcJwQCjbg=",
      "requires": {
        "assign-symbols": "^1.0.0",
        "is-extendable": "^1.0.1"
      },
      "dependencies": {
        "is-extendable": {
          "version": "1.0.1",
          "resolved": "https://registry.npmjs.org/is-extendable/-/is-extendable-1.0.1.tgz",
          "integrity": "sha512-arnXMxT1hhoKo9k1LZdmlNyJdDDfy2v0fXjFlmok4+i8ul/6WlbVge9bhM74OpNPQPMGUToDtz+KXa1PneJxOA==",
          "requires": {
            "is-plain-object": "^2.0.4"
          }
        }
      }
    },
    "fluidvids.js": {
      "version": "github:toddmotto/fluidvids#b6ca991b5ac1f7792b3cfb992607284b21fb3177",
      "from": "github:toddmotto/fluidvids"
    },
    "form-data": {
      "version": "2.5.1",
      "resolved": "https://registry.npmjs.org/form-data/-/form-data-2.5.1.tgz",
      "integrity": "sha512-m21N3WOmEEURgk6B9GLOE4RuWOFf28Lhh9qGYeNlGq4VDXUlJy2th2slBNU8Gp8EzloYZOibZJ7t5ecIrFSjVA==",
      "requires": {
        "asynckit": "^0.4.0",
        "combined-stream": "^1.0.6",
        "mime-types": "^2.1.12"
      }
    },
    "formidable": {
      "version": "1.2.2",
      "resolved": "https://registry.npmjs.org/formidable/-/formidable-1.2.2.tgz",
      "integrity": "sha512-V8gLm+41I/8kguQ4/o1D3RIHRmhYFG4pnNyonvua+40rqcEmT4+V71yaZ3B457xbbgCsCfjSPi65u/W6vK1U5Q=="
    },
    "inherits": {
      "version": "2.0.3",
      "resolved": "https://registry.npmjs.org/inherits/-/inherits-2.0.3.tgz",
      "integrity": "sha1-Yzwsg+PaQqUC9SRmAiSA9CCCYd4="
    },
    "is-extendable": {
      "version": "0.1.1",
      "resolved": "https://registry.npmjs.org/is-extendable/-/is-extendable-0.1.1.tgz",
      "integrity": "sha1-YrEQ4omkcUGOPsNqYX1HLjAd/Ik="
    },
    "is-plain-object": {
      "version": "2.0.4",
      "resolved": "https://registry.npmjs.org/is-plain-object/-/is-plain-object-2.0.4.tgz",
      "integrity": "sha512-h5PpgXkWitc38BBMYawTYMWJHFZJVnBquFE57xFpjB8pJFiF6gZ+bU+WyI/yqXiFR5mdLsgYNaPe8uao6Uv9Og==",
      "requires": {
        "isobject": "^3.0.1"
      }
    },
    "isobject": {
      "version": "3.0.1",
      "resolved": "https://registry.npmjs.org/isobject/-/isobject-3.0.1.tgz",
      "integrity": "sha1-TkMekrEalzFjaqH5yNHMvP2reN8="
    },
    "isomorphic-fetch": {
      "version": "3.0.0",
      "resolved": "https://registry.npmjs.org/isomorphic-fetch/-/isomorphic-fetch-3.0.0.tgz",
      "integrity": "sha512-qvUtwJ3j6qwsF3jLxkZ72qCgjMysPzDfeV240JHiGZsANBYd+EEuu35v7dfrJ9Up0Ak07D7GGSkGhCHTqg/5wA==",
      "requires": {
        "node-fetch": "^2.6.1",
        "whatwg-fetch": "^3.4.1"
      }
    },
    "js-tokens": {
      "version": "3.0.2",
      "resolved": "https://registry.npmjs.org/js-tokens/-/js-tokens-3.0.2.tgz",
      "integrity": "sha1-mGbfOVECEw449/mWvOtlRDIJwls="
    },
    "li": {
      "version": "1.3.0",
      "resolved": "https://registry.npmjs.org/li/-/li-1.3.0.tgz",
      "integrity": "sha1-IsWbyu+qmo7zWc91l4TkvxBq6hs="
    },
    "loose-envify": {
      "version": "1.4.0",
      "resolved": "https://registry.npmjs.org/loose-envify/-/loose-envify-1.4.0.tgz",
      "integrity": "sha512-lyuxPGr/Wfhrlem2CL/UcnUc1zcqKAImBDzukY7Y5F/yQiNdko6+fRLevlw1HgMySw7f611UIY408EtxRSoK3Q==",
      "requires": {
        "js-tokens": "^3.0.0 || ^4.0.0"
      }
    },
    "methods": {
      "version": "1.1.2",
      "resolved": "https://registry.npmjs.org/methods/-/methods-1.1.2.tgz",
      "integrity": "sha1-VSmk1nZUE07cxSZmVoNbD4Ua/O4="
    },
    "mime": {
      "version": "2.4.5",
      "resolved": "https://registry.npmjs.org/mime/-/mime-2.4.5.tgz",
      "integrity": "sha512-3hQhEUF027BuxZjQA3s7rIv/7VCQPa27hN9u9g87sEkWaKwQPuXOkVKtOeiyUrnWqTDiOs8Ed2rwg733mB0R5w=="
    },
    "mime-db": {
      "version": "1.44.0",
      "resolved": "https://registry.npmjs.org/mime-db/-/mime-db-1.44.0.tgz",
      "integrity": "sha512-/NOTfLrsPBVeH7YtFPgsVWveuL+4SjjYxaQ1xtM1KMFj7HdxlBlxeyNLzhyJVx7r4rZGJAZ/6lkKCitSc/Nmpg=="
    },
    "mime-types": {
      "version": "2.1.27",
      "resolved": "https://registry.npmjs.org/mime-types/-/mime-types-2.1.27.tgz",
      "integrity": "sha512-JIhqnCasI9yD+SsmkquHBxTSEuZdQX5BuQnS2Vc7puQQQ+8yiP5AY5uWhpdv4YL4VM5c6iliiYWPgJ/nJQLp7w==",
      "requires": {
        "mime-db": "1.44.0"
      }
    },
    "nanoid": {
      "version": "3.3.1",
      "resolved": "https://registry.npmjs.org/nanoid/-/nanoid-3.3.1.tgz",
      "integrity": "sha512-n6Vs/3KGyxPQd6uO0eH4Bv0ojGSUvuLlIHtC3Y0kEO23YRge8H9x1GCzLn28YX0H66pMkxuaeESFq4tKISKwdw=="
    },
    "next": {
      "version": "12.1.0",
      "resolved": "https://registry.npmjs.org/next/-/next-12.1.0.tgz",
      "integrity": "sha512-s885kWvnIlxsUFHq9UGyIyLiuD0G3BUC/xrH0CEnH5lHEWkwQcHOORgbDF0hbrW9vr/7am4ETfX4A7M6DjrE7Q==",
      "requires": {
        "@next/env": "12.1.0",
        "@next/swc-android-arm64": "12.1.0",
        "@next/swc-darwin-arm64": "12.1.0",
        "@next/swc-darwin-x64": "12.1.0",
        "@next/swc-linux-arm-gnueabihf": "12.1.0",
        "@next/swc-linux-arm64-gnu": "12.1.0",
        "@next/swc-linux-arm64-musl": "12.1.0",
        "@next/swc-linux-x64-gnu": "12.1.0",
        "@next/swc-linux-x64-musl": "12.1.0",
        "@next/swc-win32-arm64-msvc": "12.1.0",
        "@next/swc-win32-ia32-msvc": "12.1.0",
        "@next/swc-win32-x64-msvc": "12.1.0",
        "caniuse-lite": "^1.0.30001283",
        "postcss": "8.4.5",
        "styled-jsx": "5.0.0",
        "use-subscription": "1.5.1"
      }
    },
    "node-fetch": {
      "version": "2.6.1",
      "resolved": "https://registry.npmjs.org/node-fetch/-/node-fetch-2.6.1.tgz",
      "integrity": "sha512-V4aYg89jEoVRxRb2fJdAg8FHvI7cEyYdVAh94HH0UIK8oJxUfkjlDQN9RbMx+bEjP7+ggMiFRprSti032Oipxw=="
    },
    "nprogress": {
      "version": "0.2.0",
      "resolved": "https://registry.npmjs.org/nprogress/-/nprogress-0.2.0.tgz",
      "integrity": "sha1-y480xTIT2JVyP8urkH6UIq28r7E="
    },
    "object-assign": {
      "version": "4.1.1",
      "resolved": "https://registry.npmjs.org/object-assign/-/object-assign-4.1.1.tgz",
      "integrity": "sha1-IQmtx5ZYh8/AXLvUQsrIv7s2CGM="
    },
    "parse-link-header": {
      "version": "1.0.1",
      "resolved": "https://registry.npmjs.org/parse-link-header/-/parse-link-header-1.0.1.tgz",
      "integrity": "sha1-vt/g0hGK64S+deewJUGeyKYRQKc=",
      "requires": {
        "xtend": "~4.0.1"
      }
    },
    "particles.js": {
      "version": "2.0.0",
      "resolved": "https://registry.npmjs.org/particles.js/-/particles.js-2.0.0.tgz",
      "integrity": "sha1-IThsQyjWx/lngKIB6W7t/AnHNvY="
    },
    "path-match": {
      "version": "1.2.4",
      "resolved": "https://registry.npmjs.org/path-match/-/path-match-1.2.4.tgz",
      "integrity": "sha1-pidH88fgwlFHYml/JEQ1hbCRAOo=",
      "requires": {
        "http-errors": "~1.4.0",
        "path-to-regexp": "^1.0.0"
      },
      "dependencies": {
        "http-errors": {
          "version": "1.4.0",
          "resolved": "https://registry.npmjs.org/http-errors/-/http-errors-1.4.0.tgz",
          "integrity": "sha1-bAJC3qaz33r9oVPHEImzHG6Cqr8=",
          "requires": {
            "inherits": "2.0.1",
            "statuses": ">= 1.2.1 < 2"
          }
        },
        "inherits": {
          "version": "2.0.1",
          "resolved": "https://registry.npmjs.org/inherits/-/inherits-2.0.1.tgz",
          "integrity": "sha1-sX0I0ya0Qj5Wjv9xn5GwscvfafE="
        },
        "isarray": {
          "version": "0.0.1",
          "resolved": "https://registry.npmjs.org/isarray/-/isarray-0.0.1.tgz",
          "integrity": "sha1-ihis/Kmo9Bd+Cav8YDiTmwXR7t8="
        },
        "path-to-regexp": {
          "version": "1.7.0",
          "resolved": "https://registry.npmjs.org/path-to-regexp/-/path-to-regexp-1.7.0.tgz",
          "integrity": "sha1-Wf3g9DW62suhA6hOnTvGTpa5k30=",
          "requires": {
            "isarray": "0.0.1"
          }
        }
      }
    },
    "picocolors": {
      "version": "1.0.0",
      "resolved": "https://registry.npmjs.org/picocolors/-/picocolors-1.0.0.tgz",
      "integrity": "sha512-1fygroTLlHu66zi26VoTDv8yRgm0Fccecssto+MhsZ0D/DGW2sm8E8AjW7NU5VVTRt5GxbeZ5qBuJr+HyLYkjQ=="
    },
    "postcss": {
      "version": "8.4.5",
      "resolved": "https://registry.npmjs.org/postcss/-/postcss-8.4.5.tgz",
      "integrity": "sha512-jBDboWM8qpaqwkMwItqTQTiFikhs/67OYVvblFFTM7MrZjt6yMKd6r2kgXizEbTTljacm4NldIlZnhbjr84QYg==",
      "requires": {
        "nanoid": "^3.1.30",
        "picocolors": "^1.0.0",
        "source-map-js": "^1.0.1"
      }
    },
    "prop-types": {
      "version": "15.7.2",
      "resolved": "https://registry.npmjs.org/prop-types/-/prop-types-15.7.2.tgz",
      "integrity": "sha512-8QQikdH7//R2vurIJSutZ1smHYTcLpRWEOlHnzcWHmBYrOGUysKwSsrC89BCiFj3CbrfJ/nXFdJepOVrY1GCHQ==",
      "requires": {
        "loose-envify": "^1.4.0",
        "object-assign": "^4.1.1",
        "react-is": "^16.8.1"
      }
    },
    "qs": {
      "version": "6.9.4",
      "resolved": "https://registry.npmjs.org/qs/-/qs-6.9.4.tgz",
      "integrity": "sha512-A1kFqHekCTM7cz0udomYUoYNWjBebHm/5wzU/XqrBRBNWectVH0QIiN+NEcZ0Dte5hvzHwbr8+XQmguPhJ6WdQ=="
    },
    "react": {
      "version": "16.14.0",
      "resolved": "https://registry.npmjs.org/react/-/react-16.14.0.tgz",
      "integrity": "sha512-0X2CImDkJGApiAlcf0ODKIneSwBPhqJawOa5wCtKbu7ZECrmS26NvtSILynQ66cgkT/RJ4LidJOc3bUESwmU8g==",
      "requires": {
        "loose-envify": "^1.1.0",
        "object-assign": "^4.1.1",
        "prop-types": "^15.6.2"
      }
    },
    "react-dom": {
      "version": "16.14.0",
      "resolved": "https://registry.npmjs.org/react-dom/-/react-dom-16.14.0.tgz",
      "integrity": "sha512-1gCeQXDLoIqMgqD3IO2Ah9bnf0w9kzhwN5q4FGnHZ67hBm9yePzB5JJAIQCc8x3pFnNlwFq4RidZggNAAkzWWw==",
      "requires": {
        "loose-envify": "^1.1.0",
        "object-assign": "^4.1.1",
        "prop-types": "^15.6.2",
        "scheduler": "^0.19.1"
      }
    },
    "react-is": {
      "version": "16.8.6",
      "resolved": "https://registry.npmjs.org/react-is/-/react-is-16.8.6.tgz",
      "integrity": "sha512-aUk3bHfZ2bRSVFFbbeVS4i+lNPZr3/WM5jT2J5omUVV1zzcs1nAaf3l51ctA5FFvCRbhrH0bdAsRRQddFJZPtA=="
    },
    "react-typist": {
      "version": "2.0.5",
      "resolved": "https://registry.npmjs.org/react-typist/-/react-typist-2.0.5.tgz",
      "integrity": "sha512-iZCkeqeegO0TlkTMiH2JD1tvMtY9RrXkRylnAI6m8aCVAUUwNzoWTVF7CKLij6THeOMcUDCznLDDvNp55s+YZA==",
      "requires": {
        "prop-types": "^15.5.10"
      }
    },
    "safe-buffer": {
      "version": "5.1.2",
      "resolved": "https://registry.npmjs.org/safe-buffer/-/safe-buffer-5.1.2.tgz",
      "integrity": "sha512-Gd2UZBJDkXlY7GbJxfsE8/nvKkUEU1G38c1siN6QP6a9PT9MmHB8GnpscSmMJSoF8LOIrt8ud/wPtojys4G6+g=="
    },
    "scheduler": {
      "version": "0.19.1",
      "resolved": "https://registry.npmjs.org/scheduler/-/scheduler-0.19.1.tgz",
      "integrity": "sha512-n/zwRWRYSUj0/3g/otKDRPMh6qv2SYMWNq85IEa8iZyAv8od9zDYpGSnpBEjNgcMNq6Scbu5KfIPxNF72R/2EA==",
      "requires": {
        "loose-envify": "^1.1.0",
        "object-assign": "^4.1.1"
      }
    },
    "set-value": {
      "version": "2.0.1",
      "resolved": "https://registry.npmjs.org/set-value/-/set-value-2.0.1.tgz",
      "integrity": "sha512-JxHc1weCN68wRY0fhCoXpyK55m/XPHafOmK4UWD7m2CI14GMcFypt4w/0+NV5f/ZMby2F6S2wwA7fgynh9gWSw==",
      "requires": {
        "extend-shallow": "^2.0.1",
        "is-extendable": "^0.1.1",
        "is-plain-object": "^2.0.3",
        "split-string": "^3.0.1"
      },
      "dependencies": {
        "extend-shallow": {
          "version": "2.0.1",
          "resolved": "https://registry.npmjs.org/extend-shallow/-/extend-shallow-2.0.1.tgz",
          "integrity": "sha1-Ua99YUrZqfYQ6huvu5idaxxWiQ8=",
          "requires": {
            "is-extendable": "^0.1.0"
          }
        }
      }
    },
    "source-map-js": {
      "version": "1.0.2",
      "resolved": "https://registry.npmjs.org/source-map-js/-/source-map-js-1.0.2.tgz",
      "integrity": "sha512-R0XvVJ9WusLiqTCEiGCmICCMplcCkIwwR11mOSD9CR5u+IXYdiseeEuXCVAjS54zqwkLcPNnmU4OeJ6tUrWhDw=="
    },
    "split-string": {
      "version": "3.1.0",
      "resolved": "https://registry.npmjs.org/split-string/-/split-string-3.1.0.tgz",
      "integrity": "sha512-NzNVhJDYpwceVVii8/Hu6DKfD2G+NrQHlS/V/qgv763EYudVwEcMQNxd2lh+0VrUByXN/oJkl5grOhYWvQUYiw==",
      "requires": {
        "extend-shallow": "^3.0.0"
      }
    },
    "statuses": {
      "version": "1.5.0",
      "resolved": "https://registry.npmjs.org/statuses/-/statuses-1.5.0.tgz",
      "integrity": "sha1-Fhx9rBd2Wf2YEfQ3cfqZOBR4Yow="
    },
    "string_decoder": {
      "version": "1.1.1",
      "resolved": "https://registry.npmjs.org/string_decoder/-/string_decoder-1.1.1.tgz",
      "integrity": "sha512-n/ShnvDi6FHbbVfviro+WojiFzv+s8MPMHBczVePfUpDJLwoLT0ht1l4YwBCbi8pJAveEEdnkHyPyTP/mzRfwg==",
      "requires": {
        "safe-buffer": "~5.1.0"
      }
    },
    "styled-jsx": {
      "version": "5.0.0",
      "resolved": "https://registry.npmjs.org/styled-jsx/-/styled-jsx-5.0.0.tgz",
      "integrity": "sha512-qUqsWoBquEdERe10EW8vLp3jT25s/ssG1/qX5gZ4wu15OZpmSMFI2v+fWlRhLfykA5rFtlJ1ME8A8pm/peV4WA=="
    },
    "superagent": {
      "version": "4.1.0",
      "resolved": "https://registry.npmjs.org/superagent/-/superagent-4.1.0.tgz",
      "integrity": "sha512-FT3QLMasz0YyCd4uIi5HNe+3t/onxMyEho7C3PSqmti3Twgy2rXT4fmkTz6wRL6bTF4uzPcfkUCa8u4JWHw8Ag==",
      "requires": {
        "component-emitter": "^1.2.0",
        "cookiejar": "^2.1.2",
        "debug": "^4.1.0",
        "form-data": "^2.3.3",
        "formidable": "^1.2.0",
        "methods": "^1.1.1",
        "mime": "^2.4.0",
        "qs": "^6.6.0",
        "readable-stream": "^3.0.6"
      },
      "dependencies": {
        "readable-stream": {
          "version": "3.6.0",
          "resolved": "https://registry.npmjs.org/readable-stream/-/readable-stream-3.6.0.tgz",
          "integrity": "sha512-BViHy7LKeTz4oNnkcLJ+lVSL6vpiFeX6/d3oSH8zCW7UxP2onchk+vTGB143xuFjHS3deTgkKoXXymXqymiIdA==",
          "requires": {
            "inherits": "^2.0.3",
            "string_decoder": "^1.1.1",
            "util-deprecate": "^1.0.1"
          }
        }
      }
    },
    "use-subscription": {
      "version": "1.5.1",
      "resolved": "https://registry.npmjs.org/use-subscription/-/use-subscription-1.5.1.tgz",
      "integrity": "sha512-Xv2a1P/yReAjAbhylMfFplFKj9GssgTwN7RlcTxBujFQcloStWNDQdc4g4NRWH9xS4i/FDk04vQBptAXoF3VcA==",
      "requires": {
        "object-assign": "^4.1.1"
      }
    },
    "util-deprecate": {
      "version": "1.0.2",
      "resolved": "https://registry.npmjs.org/util-deprecate/-/util-deprecate-1.0.2.tgz",
      "integrity": "sha1-RQ1Nyfpw3nMnYvvS1KKJgUGaDM8="
    },
    "whatwg-fetch": {
      "version": "3.4.1",
      "resolved": "https://registry.npmjs.org/whatwg-fetch/-/whatwg-fetch-3.4.1.tgz",
      "integrity": "sha512-sofZVzE1wKwO+EYPbWfiwzaKovWiZXf4coEzjGP9b2GBVgQRLQUZ2QcuPpQExGDAW5GItpEm6Tl4OU5mywnAoQ=="
    },
    "wpapi": {
      "version": "1.2.1",
      "resolved": "https://registry.npmjs.org/wpapi/-/wpapi-1.2.1.tgz",
      "integrity": "sha512-Jt7KTotp+fYa8mI7SSfdE+4xHrH8g57CWs21LhCrgvVERPGGv4L/APjIqft07idpGspURfCyo0sHrTOm5rnPsA==",
      "requires": {
        "li": "^1.3.0",
        "parse-link-header": "^1.0.1",
        "qs": "^6.6.0",
        "superagent": "^4.0.0"
      }
    },
    "xtend": {
      "version": "4.0.1",
      "resolved": "https://registry.npmjs.org/xtend/-/xtend-4.0.1.tgz",
      "integrity": "sha1-pcbVMr5lbiPbgg77lDofBJmNY68="
    }
  }
}
